// !$*UTF8*$!
{
	archiveVersion = 1;
	classes = {
	};
	objectVersion = 46;
	objects = {

/* Begin PBXBuildFile section */
		D0A4E8AD1A34705800E7B08D /* main.m in Sources */ = {isa = PBXBuildFile; fileRef = D0A4E8AC1A34705800E7B08D /* main.m */; };
		D0A4E8B01A34705800E7B08D /* AppDelegate.m in Sources */ = {isa = PBXBuildFile; fileRef = D0A4E8AF1A34705800E7B08D /* AppDelegate.m */; };
		D0A4E8B31A34705800E7B08D /* ViewController.m in Sources */ = {isa = PBXBuildFile; fileRef = D0A4E8B21A34705800E7B08D /* ViewController.m */; };
		D0A4E8B81A34705800E7B08D /* Images.xcassets in Resources */ = {isa = PBXBuildFile; fileRef = D0A4E8B71A34705800E7B08D /* Images.xcassets */; };
		D0A4E8C71A34705900E7B08D /* ReviewViewerTests.m in Sources */ = {isa = PBXBuildFile; fileRef = D0A4E8C61A34705900E7B08D /* ReviewViewerTests.m */; };
		D0A4E8D61A3473AA00E7B08D /* LaunchScreen.xib in Resources */ = {isa = PBXBuildFile; fileRef = D0A4E8D21A3473AA00E7B08D /* LaunchScreen.xib */; };
		D0A4E8D71A3473AA00E7B08D /* Main.storyboard in Resources */ = {isa = PBXBuildFile; fileRef = D0A4E8D41A3473AA00E7B08D /* Main.storyboard */; };
		D0A4E8DA1A34778F00E7B08D /* ReviewListViewController.m in Sources */ = {isa = PBXBuildFile; fileRef = D0A4E8D91A34778F00E7B08D /* ReviewListViewController.m */; };
/* End PBXBuildFile section */

/* Begin PBXContainerItemProxy section */
		D0A4E8C11A34705800E7B08D /* PBXContainerItemProxy */ = {
			isa = PBXContainerItemProxy;
			containerPortal = D0A4E89F1A34705700E7B08D /* Project object */;
			proxyType = 1;
			remoteGlobalIDString = D0A4E8A61A34705700E7B08D;
			remoteInfo = ReviewViewer;
		};
/* End PBXContainerItemProxy section */

/* Begin PBXFileReference section */
		D0A4E8A71A34705700E7B08D /* ReviewViewer.app */ = {isa = PBXFileReference; explicitFileType = wrapper.application; includeInIndex = 0; path = ReviewViewer.app; sourceTree = BUILT_PRODUCTS_DIR; };
		D0A4E8AB1A34705700E7B08D /* Info.plist */ = {isa = PBXFileReference; lastKnownFileType = text.plist.xml; path = Info.plist; sourceTree = "<group>"; };
		D0A4E8AC1A34705800E7B08D /* main.m */ = {isa = PBXFileReference; lastKnownFileType = sourcecode.c.objc; path = main.m; sourceTree = "<group>"; };
		D0A4E8AE1A34705800E7B08D /* AppDelegate.h */ = {isa = PBXFileReference; lastKnownFileType = sourcecode.c.h; path = AppDelegate.h; sourceTree = "<group>"; };
		D0A4E8AF1A34705800E7B08D /* AppDelegate.m */ = {isa = PBXFileReference; lastKnownFileType = sourcecode.c.objc; path = AppDelegate.m; sourceTree = "<group>"; };
		D0A4E8B11A34705800E7B08D /* ViewController.h */ = {isa = PBXFileReference; lastKnownFileType = sourcecode.c.h; path = ViewController.h; sourceTree = "<group>"; };
		D0A4E8B21A34705800E7B08D /* ViewController.m */ = {isa = PBXFileReference; lastKnownFileType = sourcecode.c.objc; path = ViewController.m; sourceTree = "<group>"; };
		D0A4E8B71A34705800E7B08D /* Images.xcassets */ = {isa = PBXFileReference; lastKnownFileType = folder.assetcatalog; path = Images.xcassets; sourceTree = "<group>"; };
		D0A4E8C01A34705800E7B08D /* ReviewViewerTests.xctest */ = {isa = PBXFileReference; explicitFileType = wrapper.cfbundle; includeInIndex = 0; path = ReviewViewerTests.xctest; sourceTree = BUILT_PRODUCTS_DIR; };
		D0A4E8C51A34705800E7B08D /* Info.plist */ = {isa = PBXFileReference; lastKnownFileType = text.plist.xml; path = Info.plist; sourceTree = "<group>"; };
		D0A4E8C61A34705900E7B08D /* ReviewViewerTests.m */ = {isa = PBXFileReference; lastKnownFileType = sourcecode.c.objc; path = ReviewViewerTests.m; sourceTree = "<group>"; };
		D0A4E8D31A3473AA00E7B08D /* Base */ = {isa = PBXFileReference; lastKnownFileType = file.xib; name = Base; path = LaunchScreen.xib; sourceTree = "<group>"; };
		D0A4E8D51A3473AA00E7B08D /* Base */ = {isa = PBXFileReference; lastKnownFileType = file.storyboard; name = Base; path = Main.storyboard; sourceTree = "<group>"; };
		D0A4E8D81A34778F00E7B08D /* ReviewListViewController.h */ = {isa = PBXFileReference; fileEncoding = 4; lastKnownFileType = sourcecode.c.h; path = ReviewListViewController.h; sourceTree = "<group>"; };
		D0A4E8D91A34778F00E7B08D /* ReviewListViewController.m */ = {isa = PBXFileReference; fileEncoding = 4; lastKnownFileType = sourcecode.c.objc; path = ReviewListViewController.m; sourceTree = "<group>"; };
/* End PBXFileReference section */

/* Begin PBXFrameworksBuildPhase section */
		D0A4E8A41A34705700E7B08D /* Frameworks */ = {
			isa = PBXFrameworksBuildPhase;
			buildActionMask = 2147483647;
			files = (
			);
			runOnlyForDeploymentPostprocessing = 0;
		};
		D0A4E8BD1A34705800E7B08D /* Frameworks */ = {
			isa = PBXFrameworksBuildPhase;
			buildActionMask = 2147483647;
			files = (
			);
			runOnlyForDeploymentPostprocessing = 0;
		};
/* End PBXFrameworksBuildPhase section */

/* Begin PBXGroup section */
		D0A4E89E1A34705700E7B08D = {
			isa = PBXGroup;
			children = (
				D0A4E8A91A34705700E7B08D /* ReviewViewer */,
				D0A4E8C31A34705800E7B08D /* ReviewViewerTests */,
				D0A4E8A81A34705700E7B08D /* Products */,
			);
			sourceTree = "<group>";
		};
		D0A4E8A81A34705700E7B08D /* Products */ = {
			isa = PBXGroup;
			children = (
				D0A4E8A71A34705700E7B08D /* ReviewViewer.app */,
				D0A4E8C01A34705800E7B08D /* ReviewViewerTests.xctest */,
			);
			name = Products;
			sourceTree = "<group>";
		};
		D0A4E8A91A34705700E7B08D /* ReviewViewer */ = {
			isa = PBXGroup;
			children = (
				D0A4E8D01A34739000E7B08D /* Controller */,
				D0A4E8AA1A34705700E7B08D /* Supporting Files */,
			);
			path = ReviewViewer;
			sourceTree = "<group>";
		};
		D0A4E8AA1A34705700E7B08D /* Supporting Files */ = {
			isa = PBXGroup;
			children = (
				D0A4E8AC1A34705800E7B08D /* main.m */,
				D0A4E8AB1A34705700E7B08D /* Info.plist */,
				D0A4E8AE1A34705800E7B08D /* AppDelegate.h */,
				D0A4E8AF1A34705800E7B08D /* AppDelegate.m */,
				D0A4E8B71A34705800E7B08D /* Images.xcassets */,
				D0A4E8D11A3473AA00E7B08D /* Base.lproj */,
			);
			name = "Supporting Files";
			path = "Supporting File";
			sourceTree = "<group>";
		};
		D0A4E8C31A34705800E7B08D /* ReviewViewerTests */ = {
			isa = PBXGroup;
			children = (
				D0A4E8C61A34705900E7B08D /* ReviewViewerTests.m */,
				D0A4E8C41A34705800E7B08D /* Supporting Files */,
			);
			path = ReviewViewerTests;
			sourceTree = "<group>";
		};
		D0A4E8C41A34705800E7B08D /* Supporting Files */ = {
			isa = PBXGroup;
			children = (
				D0A4E8C51A34705800E7B08D /* Info.plist */,
			);
			name = "Supporting Files";
			sourceTree = "<group>";
		};
		D0A4E8D01A34739000E7B08D /* Controller */ = {
			isa = PBXGroup;
			children = (
				D0A4E8B11A34705800E7B08D /* ViewController.h */,
				D0A4E8B21A34705800E7B08D /* ViewController.m */,
				D0A4E8D81A34778F00E7B08D /* ReviewListViewController.h */,
				D0A4E8D91A34778F00E7B08D /* ReviewListViewController.m */,
			);
			path = Controller;
			sourceTree = "<group>";
		};
		D0A4E8D11A3473AA00E7B08D /* Base.lproj */ = {
			isa = PBXGroup;
			children = (
				D0A4E8D21A3473AA00E7B08D /* LaunchScreen.xib */,
				D0A4E8D41A3473AA00E7B08D /* Main.storyboard */,
			);
			path = Base.lproj;
			sourceTree = "<group>";
		};
/* End PBXGroup section */

/* Begin PBXNativeTarget section */
		D0A4E8A61A34705700E7B08D /* ReviewViewer */ = {
			isa = PBXNativeTarget;
			buildConfigurationList = D0A4E8CA1A34705900E7B08D /* Build configuration list for PBXNativeTarget "ReviewViewer" */;
			buildPhases = (
				D0A4E8A31A34705700E7B08D /* Sources */,
				D0A4E8A41A34705700E7B08D /* Frameworks */,
				D0A4E8A51A34705700E7B08D /* Resources */,
			);
			buildRules = (
			);
			dependencies = (
			);
			name = ReviewViewer;
			productName = ReviewViewer;
			productReference = D0A4E8A71A34705700E7B08D /* ReviewViewer.app */;
			productType = "com.apple.product-type.application";
		};
		D0A4E8BF1A34705800E7B08D /* ReviewViewerTests */ = {
			isa = PBXNativeTarget;
			buildConfigurationList = D0A4E8CD1A34705900E7B08D /* Build configuration list for PBXNativeTarget "ReviewViewerTests" */;
			buildPhases = (
				D0A4E8BC1A34705800E7B08D /* Sources */,
				D0A4E8BD1A34705800E7B08D /* Frameworks */,
				D0A4E8BE1A34705800E7B08D /* Resources */,
			);
			buildRules = (
			);
			dependencies = (
				D0A4E8C21A34705800E7B08D /* PBXTargetDependency */,
			);
			name = ReviewViewerTests;
			productName = ReviewViewerTests;
			productReference = D0A4E8C01A34705800E7B08D /* ReviewViewerTests.xctest */;
			productType = "com.apple.product-type.bundle.unit-test";
		};
/* End PBXNativeTarget section */

/* Begin PBXProject section */
		D0A4E89F1A34705700E7B08D /* Project object */ = {
			isa = PBXProject;
			attributes = {
				LastUpgradeCheck = 0610;
				ORGANIZATIONNAME = Arvchz;
				TargetAttributes = {
					D0A4E8A61A34705700E7B08D = {
						CreatedOnToolsVersion = 6.1.1;
					};
					D0A4E8BF1A34705800E7B08D = {
						CreatedOnToolsVersion = 6.1.1;
						TestTargetID = D0A4E8A61A34705700E7B08D;
					};
				};
			};
			buildConfigurationList = D0A4E8A21A34705700E7B08D /* Build configuration list for PBXProject "ReviewViewer" */;
			compatibilityVersion = "Xcode 3.2";
			developmentRegion = English;
			hasScannedForEncodings = 0;
			knownRegions = (
				en,
				Base,
			);
			mainGroup = D0A4E89E1A34705700E7B08D;
			productRefGroup = D0A4E8A81A34705700E7B08D /* Products */;
			projectDirPath = "";
			projectRoot = "";
			targets = (
				D0A4E8A61A34705700E7B08D /* ReviewViewer */,
				D0A4E8BF1A34705800E7B08D /* ReviewViewerTests */,
			);
		};
/* End PBXProject section */

/* Begin PBXResourcesBuildPhase section */
		D0A4E8A51A34705700E7B08D /* Resources */ = {
			isa = PBXResourcesBuildPhase;
			buildActionMask = 2147483647;
			files = (
				D0A4E8D71A3473AA00E7B08D /* Main.storyboard in Resources */,
				D0A4E8D61A3473AA00E7B08D /* LaunchScreen.xib in Resources */,
				D0A4E8B81A34705800E7B08D /* Images.xcassets in Resources */,
			);
			runOnlyForDeploymentPostprocessing = 0;
		};
		D0A4E8BE1A34705800E7B08D /* Resources */ = {
			isa = PBXResourcesBuildPhase;
			buildActionMask = 2147483647;
			files = (
			);
			runOnlyForDeploymentPostprocessing = 0;
		};
/* End PBXResourcesBuildPhase section */

/* Begin PBXSourcesBuildPhase section */
		D0A4E8A31A34705700E7B08D /* Sources */ = {
			isa = PBXSourcesBuildPhase;
			buildActionMask = 2147483647;
			files = (
				D0A4E8B31A34705800E7B08D /* ViewController.m in Sources */,
				D0A4E8B01A34705800E7B08D /* AppDelegate.m in Sources */,
				D0A4E8DA1A34778F00E7B08D /* ReviewListViewController.m in Sources */,
				D0A4E8AD1A34705800E7B08D /* main.m in Sources */,
			);
			runOnlyForDeploymentPostprocessing = 0;
		};
		D0A4E8BC1A34705800E7B08D /* Sources */ = {
			isa = PBXSourcesBuildPhase;
			buildActionMask = 2147483647;
			files = (
				D0A4E8C71A34705900E7B08D /* ReviewViewerTests.m in Sources */,
			);
			runOnlyForDeploymentPostprocessing = 0;
		};
/* End PBXSourcesBuildPhase section */

/* Begin PBXTargetDependency section */
		D0A4E8C21A34705800E7B08D /* PBXTargetDependency */ = {
			isa = PBXTargetDependency;
			target = D0A4E8A61A34705700E7B08D /* ReviewViewer */;
			targetProxy = D0A4E8C11A34705800E7B08D /* PBXContainerItemProxy */;
		};
/* End PBXTargetDependency section */

/* Begin PBXVariantGroup section */
		D0A4E8D21A3473AA00E7B08D /* LaunchScreen.xib */ = {
			isa = PBXVariantGroup;
			children = (
				D0A4E8D31A3473AA00E7B08D /* Base */,
			);
			name = LaunchScreen.xib;
			sourceTree = "<group>";
		};
		D0A4E8D41A3473AA00E7B08D /* Main.storyboard */ = {
			isa = PBXVariantGroup;
			children = (
				D0A4E8D51A3473AA00E7B08D /* Base */,
			);
			name = Main.storyboard;
			sourceTree = "<group>";
		};
/* End PBXVariantGroup section */

/* Begin XCBuildConfiguration section */
		D0A4E8C81A34705900E7B08D /* Debug */ = {
			isa = XCBuildConfiguration;
			buildSettings = {
				ALWAYS_SEARCH_USER_PATHS = NO;
				CLANG_CXX_LANGUAGE_STANDARD = "gnu++0x";
				CLANG_CXX_LIBRARY = "libc++";
				CLANG_ENABLE_MODULES = YES;
				CLANG_ENABLE_OBJC_ARC = YES;
				CLANG_WARN_BOOL_CONVERSION = YES;
				CLANG_WARN_CONSTANT_CONVERSION = YES;
				CLANG_WARN_DIRECT_OBJC_ISA_USAGE = YES_ERROR;
				CLANG_WARN_EMPTY_BODY = YES;
				CLANG_WARN_ENUM_CONVERSION = YES;
				CLANG_WARN_INT_CONVERSION = YES;
				CLANG_WARN_OBJC_ROOT_CLASS = YES_ERROR;
				CLANG_WARN_UNREACHABLE_CODE = YES;
				CLANG_WARN__DUPLICATE_METHOD_MATCH = YES;
				"CODE_SIGN_IDENTITY[sdk=iphoneos*]" = "iPhone Developer";
				COPY_PHASE_STRIP = NO;
				ENABLE_STRICT_OBJC_MSGSEND = YES;
				GCC_C_LANGUAGE_STANDARD = gnu99;
				GCC_DYNAMIC_NO_PIC = NO;
				GCC_OPTIMIZATION_LEVEL = 0;
				GCC_PREPROCESSOR_DEFINITIONS = (
					"DEBUG=1",
					"$(inherited)",
				);
				GCC_SYMBOLS_PRIVATE_EXTERN = NO;
				GCC_WARN_64_TO_32_BIT_CONVERSION = YES;
				GCC_WARN_ABOUT_RETURN_TYPE = YES_ERROR;
				GCC_WARN_UNDECLARED_SELECTOR = YES;
				GCC_WARN_UNINITIALIZED_AUTOS = YES_AGGRESSIVE;
				GCC_WARN_UNUSED_FUNCTION = YES;
				GCC_WARN_UNUSED_VARIABLE = YES;
				IPHONEOS_DEPLOYMENT_TARGET = 8.1;
				MTL_ENABLE_DEBUG_INFO = YES;
				ONLY_ACTIVE_ARCH = YES;
				SDKROOT = iphoneos;
			};
			name = Debug;
		};
		D0A4E8C91A34705900E7B08D /* Release */ = {
			isa = XCBuildConfiguration;
			buildSettings = {
				ALWAYS_SEARCH_USER_PATHS = NO;
				CLANG_CXX_LANGUAGE_STANDARD = "gnu++0x";
				CLANG_CXX_LIBRARY = "libc++";
				CLANG_ENABLE_MODULES = YES;
				CLANG_ENABLE_OBJC_ARC = YES;
				CLANG_WARN_BOOL_CONVERSION = YES;
				CLANG_WARN_CONSTANT_CONVERSION = YES;
				CLANG_WARN_DIRECT_OBJC_ISA_USAGE = YES_ERROR;
				CLANG_WARN_EMPTY_BODY = YES;
				CLANG_WARN_ENUM_CONVERSION = YES;
				CLANG_WARN_INT_CONVERSION = YES;
				CLANG_WARN_OBJC_ROOT_CLASS = YES_ERROR;
				CLANG_WARN_UNREACHABLE_CODE = YES;
				CLANG_WARN__DUPLICATE_METHOD_MATCH = YES;
				"CODE_SIGN_IDENTITY[sdk=iphoneos*]" = "iPhone Developer";
				COPY_PHASE_STRIP = YES;
				ENABLE_NS_ASSERTIONS = NO;
				ENABLE_STRICT_OBJC_MSGSEND = YES;
				GCC_C_LANGUAGE_STANDARD = gnu99;
				GCC_WARN_64_TO_32_BIT_CONVERSION = YES;
				GCC_WARN_ABOUT_RETURN_TYPE = YES_ERROR;
				GCC_WARN_UNDECLARED_SELECTOR = YES;
				GCC_WARN_UNINITIALIZED_AUTOS = YES_AGGRESSIVE;
				GCC_WARN_UNUSED_FUNCTION = YES;
				GCC_WARN_UNUSED_VARIABLE = YES;
				IPHONEOS_DEPLOYMENT_TARGET = 8.1;
				MTL_ENABLE_DEBUG_INFO = NO;
				SDKROOT = iphoneos;
				VALIDATE_PRODUCT = YES;
			};
			name = Release;
		};
		D0A4E8CB1A34705900E7B08D /* Debug */ = {
			isa = XCBuildConfiguration;
			buildSettings = {
				ASSETCATALOG_COMPILER_APPICON_NAME = AppIcon;
				INFOPLIST_FILE = "$(SRCROOT)/ReviewViewer/Supporting File/Info.plist";
				LD_RUNPATH_SEARCH_PATHS = "$(inherited) @executable_path/Frameworks";
				PRODUCT_NAME = "$(TARGET_NAME)";
			};
			name = Debug;
		};
		D0A4E8CC1A34705900E7B08D /* Release */ = {
			isa = XCBuildConfiguration;
			buildSettings = {
				ASSETCATALOG_COMPILER_APPICON_NAME = AppIcon;
				INFOPLIST_FILE = "$(SRCROOT)/ReviewViewer/Supporting File/Info.plist";
				LD_RUNPATH_SEARCH_PATHS = "$(inherited) @executable_path/Frameworks";
				PRODUCT_NAME = "$(TARGET_NAME)";
			};
			name = Release;
		};
		D0A4E8CE1A34705900E7B08D /* Debug */ = {
			isa = XCBuildConfiguration;
			buildSettings = {
				BUNDLE_LOADER = "$(TEST_HOST)";
				FRAMEWORK_SEARCH_PATHS = (
					"$(SDKROOT)/Developer/Library/Frameworks",
					"$(inherited)",
				);
				GCC_PREPROCESSOR_DEFINITIONS = (
					"DEBUG=1",
					"$(inherited)",
				);
				INFOPLIST_FILE = ReviewViewerTests/Info.plist;
				LD_RUNPATH_SEARCH_PATHS = "$(inherited) @executable_path/Frameworks @loader_path/Frameworks";
				PRODUCT_NAME = "$(TARGET_NAME)";
				TEST_HOST = "$(BUILT_PRODUCTS_DIR)/ReviewViewer.app/ReviewViewer";
			};
			name = Debug;
		};
		D0A4E8CF1A34705900E7B08D /* Release */ = {
			isa = XCBuildConfiguration;
			buildSettings = {
				BUNDLE_LOADER = "$(TEST_HOST)";
				FRAMEWORK_SEARCH_PATHS = (
					"$(SDKROOT)/Developer/Library/Frameworks",
					"$(inherited)",
				);
				INFOPLIST_FILE = ReviewViewerTests/Info.plist;
				LD_RUNPATH_SEARCH_PATHS = "$(inherited) @executable_path/Frameworks @loader_path/Frameworks";
				PRODUCT_NAME = "$(TARGET_NAME)";
				TEST_HOST = "$(BUILT_PRODUCTS_DIR)/ReviewViewer.app/ReviewViewer";
			};
			name = Release;
		};
/* End XCBuildConfiguration section */

/* Begin XCConfigurationList section */
		D0A4E8A21A34705700E7B08D /* Build configuration list for PBXProject "ReviewViewer" */ = {
			isa = XCConfigurationList;
			buildConfigurations = (
				D0A4E8C81A34705900E7B08D /* Debug */,
				D0A4E8C91A34705900E7B08D /* Release */,
			);
			defaultConfigurationIsVisible = 0;
			defaultConfigurationName = Release;
		};
		D0A4E8CA1A34705900E7B08D /* Build configuration list for PBXNativeTarget "ReviewViewer" */ = {
			isa = XCConfigurationList;
			buildConfigurations = (
				D0A4E8CB1A34705900E7B08D /* Debug */,
				D0A4E8CC1A34705900E7B08D /* Release */,
			);
			defaultConfigurationIsVisible = 0;
			defaultConfigurationName = Release;
		};
		D0A4E8CD1A34705900E7B08D /* Build configuration list for PBXNativeTarget "ReviewViewerTests" */ = {
			isa = XCConfigurationList;
			buildConfigurations = (
				D0A4E8CE1A34705900E7B08D /* Debug */,
				D0A4E8CF1A34705900E7B08D /* Release */,
			);
			defaultConfigurationIsVisible = 0;
			defaultConfigurationName = Release;
		};
/* End XCConfigurationList section */
	};
	rootObject = D0A4E89F1A34705700E7B08D /* Project object */;
}
